
Microsoft Visual Studio Solution File, Format Version 12.00
# Visual Studio Version 17
VisualStudioVersion = 17.13.35931.197 d17.13
MinimumVisualStudioVersion = 10.0.40219.1
Project("{FAE04EC0-301F-11D3-BF4B-00C04F79EFBC}") = "cs2-bhop", "cs2-bhop.csproj", "{C8696767-2E47-4E49-8DA5-D5CCE5544099}"
EndProject
Global
	GlobalSection(SolutionConfigurationPlatforms) = preSolution
		Debug|Any CPU = Debug|Any CPU
		Release|Any CPU = Release|Any CPU
	EndGlobalSection
	GlobalSection(ProjectConfigurationPlatforms) = postSolution
		{C8696767-2E47-4E49-8DA5-D5CCE5544099}.Debug|Any CPU.ActiveCfg = Debug|Any CPU
		{C8696767-2E47-4E49-8DA5-D5CCE5544099}.Debug|Any CPU.Build.0 = Debug|Any CPU
		{C8696767-2E47-4E49-8DA5-D5CCE5544099}.Release|Any CPU.ActiveCfg = Release|Any CPU
		{C8696767-2E47-4E49-8DA5-D5CCE5544099}.Release|Any CPU.Build.0 = Release|Any CPU
	EndGlobalSection
	GlobalSection(SolutionProperties) = preSolution
		HideSolutionNode = FALSE
	EndGlobalSection
	GlobalSection(ExtensibilityGlobals) = postSolution
		SolutionGuid = {DDBE44D4-9347-4102-BDEF-432CB32A8552}
	EndGlobalSection
EndGlobal
